
Microsoft Visual Studio Solution File, Format Version 12.00
# Visual Studio Version 16
VisualStudioVersion = 16.0.31005.135
MinimumVisualStudioVersion = 10.0.40219.1
Project("{FAE04EC0-301F-11D3-BF4B-00C04F79EFBC}") = "ADO.Zachot3.Stuff", "ADO.Zachot3.Stuff.csproj", "{9BAB15AE-2D59-4004-8CA4-B801086473EE}"
EndProject
Global
	GlobalSection(SolutionConfigurationPlatforms) = preSolution
		Debug|Any CPU = Debug|Any CPU
		Release|Any CPU = Release|Any CPU
	EndGlobalSection
	GlobalSection(ProjectConfigurationPlatforms) = postSolution
		{9BAB15AE-2D59-4004-8CA4-B801086473EE}.Debug|Any CPU.ActiveCfg = Debug|Any CPU
		{9BAB15AE-2D59-4004-8CA4-B801086473EE}.Debug|Any CPU.Build.0 = Debug|Any CPU
		{9BAB15AE-2D59-4004-8CA4-B801086473EE}.Release|Any CPU.ActiveCfg = Release|Any CPU
		{9BAB15AE-2D59-4004-8CA4-B801086473EE}.Release|Any CPU.Build.0 = Release|Any CPU
	EndGlobalSection
	GlobalSection(SolutionProperties) = preSolution
		HideSolutionNode = FALSE
	EndGlobalSection
	GlobalSection(ExtensibilityGlobals) = postSolution
		SolutionGuid = {AC0C23CA-38F3-4EA3-8E65-57F16EA6AF78}
	EndGlobalSection
EndGlobal
